Microsoft Visual Studio Solution File, Format Version 12.00
# Visual Studio Version 17
VisualStudioVersion = 17.5.2.0
MinimumVisualStudioVersion = 10.0.40219.1
Project("{FAE04EC0-301F-11D3-BF4B-00C04F79EFBC}") = "Docx2PDFService", "Docx2PDFService.csproj", "{FDF7D5E3-7DC2-C871-2CCB-7EC31397CF4F}"
EndProject
Global
	GlobalSection(SolutionConfigurationPlatforms) = preSolution
		Debug|Any CPU = Debug|Any CPU
		Release|Any CPU = Release|Any CPU
	EndGlobalSection
	GlobalSection(ProjectConfigurationPlatforms) = postSolution
		{FDF7D5E3-7DC2-C871-2CCB-7EC31397CF4F}.Debug|Any CPU.ActiveCfg = Debug|Any CPU
		{FDF7D5E3-7DC2-C871-2CCB-7EC31397CF4F}.Debug|Any CPU.Build.0 = Debug|Any CPU
		{FDF7D5E3-7DC2-C871-2CCB-7EC31397CF4F}.Release|Any CPU.ActiveCfg = Release|Any CPU
		{FDF7D5E3-7DC2-C871-2CCB-7EC31397CF4F}.Release|Any CPU.Build.0 = Release|Any CPU
	EndGlobalSection
	GlobalSection(SolutionProperties) = preSolution
		HideSolutionNode = FALSE
	EndGlobalSection
	GlobalSection(ExtensibilityGlobals) = postSolution
		SolutionGuid = {7CBFE907-2EB6-414C-A83A-AD93B4D8CC46}
	EndGlobalSection
EndGlobal
